{
  "version": 4,
  "terraform_version": "1.14.0",
  "serial": 95,
  "lineage": "a1b9e231-31ad-2e9c-04cb-e6fecbd5effa",
  "outputs": {
    "acr_admin_password": {
      "value": "",
      "type": "string",
      "sensitive": true
    },
    "acr_admin_username": {
      "value": "",
      "type": "string",
      "sensitive": true
    },
    "acr_login_server": {
      "value": "recipewebappacrdev.azurecr.io",
      "type": "string"
    },
    "github_secrets_summary": {
      "value": {
        "AZURE_ACR_SERVER": "recipewebappacrdev.azurecr.io",
        "AZURE_ACR_USERNAME": "",
        "AZURE_RESOURCE_GROUP": "rg-recipe-webapp-dev",
        "AZURE_WEBAPP_NAME": "recipe-backend-dev"
      },
      "type": [
        "object",
        {
          "AZURE_ACR_SERVER": "string",
          "AZURE_ACR_USERNAME": "string",
          "AZURE_RESOURCE_GROUP": "string",
          "AZURE_WEBAPP_NAME": "string"
        }
      ],
      "sensitive": true
    },
    "resource_group_name": {
      "value": "rg-recipe-webapp-dev",
      "type": "string"
    },
    "use_slots": {
      "value": false,
      "type": "bool"
    },
    "webapp_default_hostname": {
      "value": "https://recipe-backend-dev.azurewebsites.net",
      "type": "string"
    },
    "webapp_name": {
      "value": "recipe-backend-dev",
      "type": "string"
    }
  },
  "resources": [
    {
      "mode": "managed",
      "type": "azurerm_container_registry",
      "name": "acr",
      "provider": "provider[\"registry.terraform.io/hashicorp/azurerm\"]",
      "instances": [
        {
          "schema_version": 2,
          "attributes": {
            "admin_enabled": false,
            "admin_password": "",
            "admin_username": "",
            "anonymous_pull_enabled": false,
            "data_endpoint_enabled": false,
            "encryption": [
              {
                "enabled": false,
                "identity_client_id": "",
                "key_vault_key_id": ""
              }
            ],
            "export_policy_enabled": true,
            "georeplications": [],
            "id": "/subscriptions/ae420492-c95a-4e2f-9a32-846c54cb286c/resourceGroups/rg-recipe-webapp-dev/providers/Microsoft.ContainerRegistry/registries/recipewebappacrdev",
            "identity": [],
            "location": "switzerlandnorth",
            "login_server": "recipewebappacrdev.azurecr.io",
            "name": "recipewebappacrdev",
            "network_rule_bypass_option": "AzureServices",
            "network_rule_set": [],
            "public_network_access_enabled": true,
            "quarantine_policy_enabled": false,
            "resource_group_name": "rg-recipe-webapp-dev",
            "retention_policy": [
              {
                "days": 7,
                "enabled": false
              }
            ],
            "sku": "Basic",
            "tags": {
              "environment": "development",
              "managed_by": "terraform",
              "project": "recipe"
            },
            "timeouts": null,
            "trust_policy": [
              {
                "enabled": false
              }
            ],
            "zone_redundancy_enabled": false
          },
          "sensitive_attributes": [
            [
              {
                "type": "get_attr",
                "value": "admin_password"
              }
            ]
          ],
          "identity_schema_version": 0,
          "private": "eyJlMmJmYjczMC1lY2FhLTExZTYtOGY4OC0zNDM2M2JjN2M0YzAiOnsiY3JlYXRlIjoxODAwMDAwMDAwMDAwLCJkZWxldGUiOjE4MDAwMDAwMDAwMDAsInJlYWQiOjMwMDAwMDAwMDAwMCwidXBkYXRlIjoxODAwMDAwMDAwMDAwfSwic2NoZW1hX3ZlcnNpb24iOiIyIn0=",
          "dependencies": [
            "azurerm_resource_group.main"
          ]
        }
      ]
    },
    {
      "mode": "managed",
      "type": "azurerm_linux_web_app",
      "name": "main",
      "provider": "provider[\"registry.terraform.io/hashicorp/azurerm\"]",
      "instances": [
        {
          "schema_version": 1,
          "attributes": {
            "app_settings": {
              "SPRING_PROFILES_ACTIVE": "dev",
              "WEBSITES_ENABLE_APP_SERVICE_STORAGE": "false",
              "WEBSITES_PORT": "8080"
            },
            "auth_settings": [],
            "auth_settings_v2": [],
            "backup": [],
            "client_affinity_enabled": false,
            "client_certificate_enabled": false,
            "client_certificate_exclusion_paths": "",
            "client_certificate_mode": "Required",
            "connection_string": [],
            "custom_domain_verification_id": "970C12BB0669FB78C32BD522C60EADF8E873227FC20866E98CF224089F5E17FB",
            "default_hostname": "recipe-backend-dev.azurewebsites.net",
            "enabled": true,
            "ftp_publish_basic_authentication_enabled": true,
            "hosting_environment_id": "",
            "https_only": false,
            "id": "/subscriptions/ae420492-c95a-4e2f-9a32-846c54cb286c/resourceGroups/rg-recipe-webapp-dev/providers/Microsoft.Web/sites/recipe-backend-dev",
            "identity": [
              {
                "identity_ids": null,
                "principal_id": "71a027f0-2530-415d-bd82-d6e017eb0ef4",
                "tenant_id": "d3101c57-5c4d-43d7-9afa-fa10bc5635fc",
                "type": "SystemAssigned"
              }
            ],
            "key_vault_reference_identity_id": "SystemAssigned",
            "kind": "app,linux",
            "location": "switzerlandnorth",
            "logs": [
              {
                "application_logs": [
                  {
                    "azure_blob_storage": [],
                    "file_system_level": "Information"
                  }
                ],
                "detailed_error_messages": false,
                "failed_request_tracing": false,
                "http_logs": [
                  {
                    "azure_blob_storage": [],
                    "file_system": [
                      {
                        "retention_in_days": 7,
                        "retention_in_mb": 35
                      }
                    ]
                  }
                ]
              }
            ],
            "name": "recipe-backend-dev",
            "outbound_ip_address_list": [
              "4.226.19.243",
              "4.226.19.248",
              "4.226.20.4",
              "4.226.20.7",
              "4.226.18.235",
              "4.226.20.24",
              "20.250.52.23",
              "20.250.104.229",
              "20.250.106.211",
              "20.250.108.29",
              "20.250.108.215",
              "20.250.110.27",
              "20.208.5.33"
            ],
            "outbound_ip_addresses": "4.226.19.243,4.226.19.248,4.226.20.4,4.226.20.7,4.226.18.235,4.226.20.24,20.250.52.23,20.250.104.229,20.250.106.211,20.250.108.29,20.250.108.215,20.250.110.27,20.208.5.33",
            "possible_outbound_ip_address_list": [
              "4.226.19.243",
              "4.226.19.248",
              "4.226.20.4",
              "4.226.20.7",
              "4.226.18.235",
              "4.226.20.24",
              "20.250.52.23",
              "20.250.104.229",
              "20.250.106.211",
              "20.250.108.29",
              "20.250.108.215",
              "20.250.110.27",
              "20.250.110.213",
              "20.250.111.205",
              "20.250.201.98",
              "20.250.205.106",
              "20.250.54.214",
              "20.250.55.67",
              "20.250.105.66",
              "20.250.105.182",
              "20.250.107.82",
              "20.250.107.150",
              "20.250.107.186",
              "20.250.107.230",
              "20.250.107.236",
              "20.250.108.38",
              "20.250.108.56",
              "20.250.108.90",
              "20.250.106.146",
              "20.250.108.119",
              "20.208.5.33"
            ],
            "possible_outbound_ip_addresses": "4.226.19.243,4.226.19.248,4.226.20.4,4.226.20.7,4.226.18.235,4.226.20.24,20.250.52.23,20.250.104.229,20.250.106.211,20.250.108.29,20.250.108.215,20.250.110.27,20.250.110.213,20.250.111.205,20.250.201.98,20.250.205.106,20.250.54.214,20.250.55.67,20.250.105.66,20.250.105.182,20.250.107.82,20.250.107.150,20.250.107.186,20.250.107.230,20.250.107.236,20.250.108.38,20.250.108.56,20.250.108.90,20.250.106.146,20.250.108.119,20.208.5.33",
            "public_network_access_enabled": true,
            "resource_group_name": "rg-recipe-webapp-dev",
            "service_plan_id": "/subscriptions/ae420492-c95a-4e2f-9a32-846c54cb286c/resourceGroups/rg-recipe-webapp-dev/providers/Microsoft.Web/serverFarms/asp-recipe-development",
            "site_config": [
              {
                "always_on": true,
                "api_definition_url": "",
                "api_management_api_id": "",
                "app_command_line": "",
                "application_stack": [
                  {
                    "docker_image": "",
                    "docker_image_name": "",
                    "docker_image_tag": "",
                    "docker_registry_password": "",
                    "docker_registry_url": "",
                    "docker_registry_username": "",
                    "dotnet_version": "",
                    "go_version": "",
                    "java_server": "",
                    "java_server_version": "",
                    "java_version": "",
                    "node_version": "",
                    "php_version": "",
                    "python_version": "",
                    "ruby_version": ""
                  }
                ],
                "auto_heal_enabled": false,
                "auto_heal_setting": [],
                "container_registry_managed_identity_client_id": "",
                "container_registry_use_managed_identity": false,
                "cors": [],
                "default_documents": [
                  "Default.htm",
                  "Default.html",
                  "Default.asp",
                  "index.htm",
                  "index.html",
                  "iisstart.htm",
                  "default.aspx",
                  "index.php",
                  "hostingstart.html"
                ],
                "detailed_error_logging_enabled": false,
                "ftps_state": "Disabled",
                "health_check_eviction_time_in_min": 0,
                "health_check_path": "",
                "http2_enabled": false,
                "ip_restriction": [],
                "ip_restriction_default_action": "Allow",
                "linux_fx_version": "",
                "load_balancing_mode": "LeastRequests",
                "local_mysql_enabled": false,
                "managed_pipeline_mode": "Integrated",
                "minimum_tls_version": "1.2",
                "remote_debugging_enabled": false,
                "remote_debugging_version": "VS2022",
                "scm_ip_restriction": [],
                "scm_ip_restriction_default_action": "Allow",
                "scm_minimum_tls_version": "1.2",
                "scm_type": "None",
                "scm_use_main_ip_restriction": false,
                "use_32_bit_worker": true,
                "vnet_route_all_enabled": false,
                "websockets_enabled": false,
                "worker_count": 1
              }
            ],
            "site_credential": [
              {
                "name": "$recipe-backend-dev",
                "password": "b8R6il1okyw8GebqKXr7kCXRjCDZJXKxxpmCYwaxou62ycXnDKwr5Lz50mLp"
              }
            ],
            "sticky_settings": [],
            "storage_account": [],
            "tags": {
              "environment": "development",
              "managed_by": "terraform",
              "project": "recipe"
            },
            "timeouts": null,
            "virtual_network_subnet_id": "",
            "webdeploy_publish_basic_authentication_enabled": true,
            "zip_deploy_file": ""
          },
          "sensitive_attributes": [
            [
              {
                "type": "get_attr",
                "value": "custom_domain_verification_id"
              }
            ],
            [
              {
                "type": "get_attr",
                "value": "site_config"
              },
              {
                "type": "index",
                "value": {
                  "value": 0,
                  "type": "number"
                }
              },
              {
                "type": "get_attr",
                "value": "application_stack"
              },
              {
                "type": "index",
                "value": {
                  "value": 0,
                  "type": "number"
                }
              },
              {
                "type": "get_attr",
                "value": "docker_registry_password"
              }
            ],
            [
              {
                "type": "get_attr",
                "value": "site_credential"
              }
            ]
          ],
          "identity_schema_version": 0,
          "private": "eyJlMmJmYjczMC1lY2FhLTExZTYtOGY4OC0zNDM2M2JjN2M0YzAiOnsiY3JlYXRlIjoxODAwMDAwMDAwMDAwLCJkZWxldGUiOjE4MDAwMDAwMDAwMDAsInJlYWQiOjMwMDAwMDAwMDAwMCwidXBkYXRlIjoxODAwMDAwMDAwMDAwfSwic2NoZW1hX3ZlcnNpb24iOiIxIn0=",
          "dependencies": [
            "azurerm_resource_group.main",
            "azurerm_service_plan.main"
          ]
        }
      ]
    },
    {
      "mode": "managed",
      "type": "azurerm_resource_group",
      "name": "main",
      "provider": "provider[\"registry.terraform.io/hashicorp/azurerm\"]",
      "instances": [
        {
          "schema_version": 0,
          "attributes": {
            "id": "/subscriptions/ae420492-c95a-4e2f-9a32-846c54cb286c/resourceGroups/rg-recipe-webapp-dev",
            "location": "switzerlandnorth",
            "managed_by": "",
            "name": "rg-recipe-webapp-dev",
            "tags": {
              "environment": "development",
              "managed_by": "terraform",
              "project": "recipe"
            },
            "timeouts": null
          },
          "sensitive_attributes": [],
          "identity_schema_version": 0,
          "private": "eyJlMmJmYjczMC1lY2FhLTExZTYtOGY4OC0zNDM2M2JjN2M0YzAiOnsiY3JlYXRlIjo1NDAwMDAwMDAwMDAwLCJkZWxldGUiOjU0MDAwMDAwMDAwMDAsInJlYWQiOjMwMDAwMDAwMDAwMCwidXBkYXRlIjo1NDAwMDAwMDAwMDAwfX0="
        }
      ]
    },
    {
      "mode": "managed",
      "type": "azurerm_role_assignment",
      "name": "webapp_acr_pull",
      "provider": "provider[\"registry.terraform.io/hashicorp/azurerm\"]",
      "instances": [
        {
          "schema_version": 0,
          "attributes": {
            "condition": "",
            "condition_version": "",
            "delegated_managed_identity_resource_id": "",
            "description": "",
            "id": "/subscriptions/ae420492-c95a-4e2f-9a32-846c54cb286c/resourceGroups/rg-recipe-webapp-dev/providers/Microsoft.ContainerRegistry/registries/recipewebappacrdev/providers/Microsoft.Authorization/roleAssignments/f212a397-881a-32cf-6d8c-801f4fc854c8",
            "name": "f212a397-881a-32cf-6d8c-801f4fc854c8",
            "principal_id": "71a027f0-2530-415d-bd82-d6e017eb0ef4",
            "principal_type": "ServicePrincipal",
            "role_definition_id": "/subscriptions/ae420492-c95a-4e2f-9a32-846c54cb286c/providers/Microsoft.Authorization/roleDefinitions/7f951dda-4ed3-4680-a7ca-43fe172d538d",
            "role_definition_name": "AcrPull",
            "scope": "/subscriptions/ae420492-c95a-4e2f-9a32-846c54cb286c/resourceGroups/rg-recipe-webapp-dev/providers/Microsoft.ContainerRegistry/registries/recipewebappacrdev",
            "skip_service_principal_aad_check": null,
            "timeouts": null
          },
          "sensitive_attributes": [],
          "identity_schema_version": 0,
          "private": "eyJlMmJmYjczMC1lY2FhLTExZTYtOGY4OC0zNDM2M2JjN2M0YzAiOnsiY3JlYXRlIjoxODAwMDAwMDAwMDAwLCJkZWxldGUiOjE4MDAwMDAwMDAwMDAsInJlYWQiOjMwMDAwMDAwMDAwMH19",
          "dependencies": [
            "azurerm_container_registry.acr",
            "azurerm_linux_web_app.main",
            "azurerm_resource_group.main",
            "azurerm_service_plan.main"
          ]
        }
      ]
    },
    {
      "mode": "managed",
      "type": "azurerm_service_plan",
      "name": "main",
      "provider": "provider[\"registry.terraform.io/hashicorp/azurerm\"]",
      "instances": [
        {
          "schema_version": 1,
          "attributes": {
            "app_service_environment_id": "",
            "id": "/subscriptions/ae420492-c95a-4e2f-9a32-846c54cb286c/resourceGroups/rg-recipe-webapp-dev/providers/Microsoft.Web/serverFarms/asp-recipe-development",
            "kind": "linux",
            "location": "switzerlandnorth",
            "maximum_elastic_worker_count": 1,
            "name": "asp-recipe-development",
            "os_type": "Linux",
            "per_site_scaling_enabled": false,
            "reserved": true,
            "resource_group_name": "rg-recipe-webapp-dev",
            "sku_name": "B1",
            "tags": {
              "environment": "development",
              "managed_by": "terraform",
              "project": "recipe"
            },
            "timeouts": null,
            "worker_count": 1,
            "zone_balancing_enabled": false
          },
          "sensitive_attributes": [],
          "identity_schema_version": 0,
          "private": "eyJlMmJmYjczMC1lY2FhLTExZTYtOGY4OC0zNDM2M2JjN2M0YzAiOnsiY3JlYXRlIjozNjAwMDAwMDAwMDAwLCJkZWxldGUiOjM2MDAwMDAwMDAwMDAsInJlYWQiOjMwMDAwMDAwMDAwMCwidXBkYXRlIjozNjAwMDAwMDAwMDAwfSwic2NoZW1hX3ZlcnNpb24iOiIxIn0=",
          "dependencies": [
            "azurerm_resource_group.main"
          ]
        }
      ]
    }
  ],
  "check_results": [
    {
      "object_kind": "var",
      "config_addr": "var.acr_sku",
      "status": "pass",
      "objects": [
        {
          "object_addr": "var.acr_sku",
          "status": "pass"
        }
      ]
    }
  ]
}
