{
  "version": 4,
  "terraform_version": "1.14.0",
  "serial": 78,
  "lineage": "a1b9e231-31ad-2e9c-04cb-e6fecbd5effa",
  "outputs": {
    "acr_admin_password": {
      "value": "",
      "type": "string",
      "sensitive": true
    },
    "acr_admin_username": {
      "value": "",
      "type": "string",
      "sensitive": true
    },
    "acr_login_server": {
      "value": "recipewebappacrdev.azurecr.io",
      "type": "string"
    },
    "resource_group_name": {
      "value": "rg-recipe-webapp-dev",
      "type": "string"
    }
  },
  "resources": [
    {
      "mode": "managed",
      "type": "azurerm_resource_group",
      "name": "main",
      "provider": "provider[\"registry.terraform.io/hashicorp/azurerm\"]",
      "instances": [
        {
          "schema_version": 0,
          "attributes": {
            "id": "/subscriptions/ae420492-c95a-4e2f-9a32-846c54cb286c/resourceGroups/rg-recipe-webapp-dev",
            "location": "swedencentral",
            "managed_by": "",
            "name": "rg-recipe-webapp-dev",
            "tags": {
              "environment": "dev",
              "managed_by": "terraform",
              "project": "recipe"
            },
            "timeouts": null
          },
          "sensitive_attributes": [],
          "identity_schema_version": 0,
          "private": "eyJlMmJmYjczMC1lY2FhLTExZTYtOGY4OC0zNDM2M2JjN2M0YzAiOnsiY3JlYXRlIjo1NDAwMDAwMDAwMDAwLCJkZWxldGUiOjU0MDAwMDAwMDAwMDAsInJlYWQiOjMwMDAwMDAwMDAwMCwidXBkYXRlIjo1NDAwMDAwMDAwMDAwfX0="
        }
      ]
    }
  ],
  "check_results": [
    {
      "object_kind": "var",
      "config_addr": "var.app_service_sku",
      "status": "pass",
      "objects": [
        {
          "object_addr": "var.app_service_sku",
          "status": "pass"
        }
      ]
    },
    {
      "object_kind": "var",
      "config_addr": "var.acr_sku",
      "status": "pass",
      "objects": [
        {
          "object_addr": "var.acr_sku",
          "status": "pass"
        }
      ]
    }
  ]
}
