{
  "version": 4,
  "terraform_version": "1.14.0",
  "serial": 65,
  "lineage": "a1b9e231-31ad-2e9c-04cb-e6fecbd5effa",
  "outputs": {
    "acr_admin_password": {
      "value": "",
      "type": "string",
      "sensitive": true
    },
    "acr_admin_username": {
      "value": "",
      "type": "string",
      "sensitive": true
    },
    "acr_login_server": {
      "value": "recipewebappacrdev.azurecr.io",
      "type": "string"
    },
    "resource_group_name": {
      "value": "rg-recipe-webapp-dev",
      "type": "string"
    }
  },
  "resources": [
    {
      "mode": "managed",
      "type": "azurerm_container_registry",
      "name": "acr",
      "provider": "provider[\"registry.terraform.io/hashicorp/azurerm\"]",
      "instances": [
        {
          "schema_version": 2,
          "attributes": {
            "admin_enabled": false,
            "admin_password": "",
            "admin_username": "",
            "anonymous_pull_enabled": false,
            "data_endpoint_enabled": false,
            "encryption": [
              {
                "enabled": false,
                "identity_client_id": "",
                "key_vault_key_id": ""
              }
            ],
            "export_policy_enabled": true,
            "georeplications": [],
            "id": "/subscriptions/ae420492-c95a-4e2f-9a32-846c54cb286c/resourceGroups/rg-recipe-webapp-dev/providers/Microsoft.ContainerRegistry/registries/recipewebappacrdev",
            "identity": [],
            "location": "spaincentral",
            "login_server": "recipewebappacrdev.azurecr.io",
            "name": "recipewebappacrdev",
            "network_rule_bypass_option": "AzureServices",
            "network_rule_set": [],
            "public_network_access_enabled": true,
            "quarantine_policy_enabled": false,
            "resource_group_name": "rg-recipe-webapp-dev",
            "retention_policy": [
              {
                "days": 7,
                "enabled": false
              }
            ],
            "sku": "Basic",
            "tags": {
              "environment": "dev",
              "managed_by": "terraform",
              "project": "recipe"
            },
            "timeouts": null,
            "trust_policy": [
              {
                "enabled": false
              }
            ],
            "zone_redundancy_enabled": false
          },
          "sensitive_attributes": [
            [
              {
                "type": "get_attr",
                "value": "admin_password"
              }
            ]
          ],
          "identity_schema_version": 0,
          "private": "eyJlMmJmYjczMC1lY2FhLTExZTYtOGY4OC0zNDM2M2JjN2M0YzAiOnsiY3JlYXRlIjoxODAwMDAwMDAwMDAwLCJkZWxldGUiOjE4MDAwMDAwMDAwMDAsInJlYWQiOjMwMDAwMDAwMDAwMCwidXBkYXRlIjoxODAwMDAwMDAwMDAwfSwic2NoZW1hX3ZlcnNpb24iOiIyIn0=",
          "dependencies": [
            "azurerm_resource_group.main"
          ]
        }
      ]
    },
    {
      "mode": "managed",
      "type": "azurerm_resource_group",
      "name": "main",
      "provider": "provider[\"registry.terraform.io/hashicorp/azurerm\"]",
      "instances": [
        {
          "schema_version": 0,
          "attributes": {
            "id": "/subscriptions/ae420492-c95a-4e2f-9a32-846c54cb286c/resourceGroups/rg-recipe-webapp-dev",
            "location": "spaincentral",
            "managed_by": "",
            "name": "rg-recipe-webapp-dev",
            "tags": {
              "environment": "dev",
              "managed_by": "terraform",
              "project": "recipe"
            },
            "timeouts": null
          },
          "sensitive_attributes": [],
          "identity_schema_version": 0,
          "private": "eyJlMmJmYjczMC1lY2FhLTExZTYtOGY4OC0zNDM2M2JjN2M0YzAiOnsiY3JlYXRlIjo1NDAwMDAwMDAwMDAwLCJkZWxldGUiOjU0MDAwMDAwMDAwMDAsInJlYWQiOjMwMDAwMDAwMDAwMCwidXBkYXRlIjo1NDAwMDAwMDAwMDAwfX0="
        }
      ]
    }
  ],
  "check_results": [
    {
      "object_kind": "var",
      "config_addr": "var.app_service_sku",
      "status": "pass",
      "objects": [
        {
          "object_addr": "var.app_service_sku",
          "status": "pass"
        }
      ]
    },
    {
      "object_kind": "var",
      "config_addr": "var.acr_sku",
      "status": "pass",
      "objects": [
        {
          "object_addr": "var.acr_sku",
          "status": "pass"
        }
      ]
    }
  ]
}
